<Solution>
  <Configurations>
    <Platform Name="Any CPU" />
    <Platform Name="x64" />
    <Platform Name="x86" />
  </Configurations>
  <Folder Name="/NewFolder1/">
    <File Path="libquant.zip" />
  </Folder>
  <Folder Name="/NewFolder2/" />
  <Project Path="D:/Quant/Quant/Quant.vcxproj" Id="c790b741-7620-46a4-bde6-0203fa93185b" />
</Solution>
